
Microsoft Visual Studio Solution File, Format Version 12.00
# Visual Studio Version 17
VisualStudioVersion = 17.7.33808.371
MinimumVisualStudioVersion = 10.0.40219.1
Project("{FAE04EC0-301F-11D3-BF4B-00C04F79EFBC}") = "Albinjose1", "Albinjose1\Albinjose1.csproj", "{E23A91A7-F709-40DA-B0D2-642487AFFA80}"
EndProject
Global
	GlobalSection(SolutionConfigurationPlatforms) = preSolution
		Debug|Any CPU = Debug|Any CPU
		Release|Any CPU = Release|Any CPU
	EndGlobalSection
	GlobalSection(ProjectConfigurationPlatforms) = postSolution
		{E23A91A7-F709-40DA-B0D2-642487AFFA80}.Debug|Any CPU.ActiveCfg = Debug|Any CPU
		{E23A91A7-F709-40DA-B0D2-642487AFFA80}.Debug|Any CPU.Build.0 = Debug|Any CPU
		{E23A91A7-F709-40DA-B0D2-642487AFFA80}.Release|Any CPU.ActiveCfg = Release|Any CPU
		{E23A91A7-F709-40DA-B0D2-642487AFFA80}.Release|Any CPU.Build.0 = Release|Any CPU
	EndGlobalSection
	GlobalSection(SolutionProperties) = preSolution
		HideSolutionNode = FALSE
	EndGlobalSection
	GlobalSection(ExtensibilityGlobals) = postSolution
		SolutionGuid = {56D55A94-9115-41C0-8364-3599FCA21182}
	EndGlobalSection
EndGlobal
